
Microsoft Visual Studio Solution File, Format Version 10.00
# Visual Studio 2008
Project("{FAE04EC0-301F-11D3-BF4B-00C04F79EFBC}") = "Calculon", "Calculon\Calculon.csproj", "{F2D5CDF7-3355-4E8A-ABAD-974E93618C68}"
EndProject
Project("{FAE04EC0-301F-11D3-BF4B-00C04F79EFBC}") = "Calculon.Tests", "Calculon.Tests\Calculon.Tests.csproj", "{1F4DA729-9FBC-4363-B13C-AC87420889DB}"
EndProject
Global
	GlobalSection(SolutionConfigurationPlatforms) = preSolution
		Debug|Any CPU = Debug|Any CPU
		Release|Any CPU = Release|Any CPU
	EndGlobalSection
	GlobalSection(ProjectConfigurationPlatforms) = postSolution
		{F2D5CDF7-3355-4E8A-ABAD-974E93618C68}.Debug|Any CPU.ActiveCfg = Debug|Any CPU
		{F2D5CDF7-3355-4E8A-ABAD-974E93618C68}.Debug|Any CPU.Build.0 = Debug|Any CPU
		{F2D5CDF7-3355-4E8A-ABAD-974E93618C68}.Release|Any CPU.ActiveCfg = Release|Any CPU
		{F2D5CDF7-3355-4E8A-ABAD-974E93618C68}.Release|Any CPU.Build.0 = Release|Any CPU
		{1F4DA729-9FBC-4363-B13C-AC87420889DB}.Debug|Any CPU.ActiveCfg = Debug|Any CPU
		{1F4DA729-9FBC-4363-B13C-AC87420889DB}.Debug|Any CPU.Build.0 = Debug|Any CPU
		{1F4DA729-9FBC-4363-B13C-AC87420889DB}.Release|Any CPU.ActiveCfg = Release|Any CPU
		{1F4DA729-9FBC-4363-B13C-AC87420889DB}.Release|Any CPU.Build.0 = Release|Any CPU
	EndGlobalSection
	GlobalSection(SolutionProperties) = preSolution
		HideSolutionNode = FALSE
	EndGlobalSection
EndGlobal
